
Microsoft Visual Studio Solution File, Format Version 12.00
# Visual Studio Version 17
VisualStudioVersion = 17.3.32901.215
MinimumVisualStudioVersion = 10.0.40219.1
Project("{FAE04EC0-301F-11D3-BF4B-00C04F79EFBC}") = "DTP-D17-hemtentamen", "DTP-D17-hemtentamen\DTP-D17-hemtentamen.csproj", "{C3541AA3-E410-49A4-8EDE-A1BEAA3A3B9E}"
EndProject
Global
	GlobalSection(SolutionConfigurationPlatforms) = preSolution
		Debug|Any CPU = Debug|Any CPU
		Release|Any CPU = Release|Any CPU
	EndGlobalSection
	GlobalSection(ProjectConfigurationPlatforms) = postSolution
		{C3541AA3-E410-49A4-8EDE-A1BEAA3A3B9E}.Debug|Any CPU.ActiveCfg = Debug|Any CPU
		{C3541AA3-E410-49A4-8EDE-A1BEAA3A3B9E}.Debug|Any CPU.Build.0 = Debug|Any CPU
		{C3541AA3-E410-49A4-8EDE-A1BEAA3A3B9E}.Release|Any CPU.ActiveCfg = Release|Any CPU
		{C3541AA3-E410-49A4-8EDE-A1BEAA3A3B9E}.Release|Any CPU.Build.0 = Release|Any CPU
	EndGlobalSection
	GlobalSection(SolutionProperties) = preSolution
		HideSolutionNode = FALSE
	EndGlobalSection
	GlobalSection(ExtensibilityGlobals) = postSolution
		SolutionGuid = {70DB3F7A-181E-4D95-B131-9546F16B0550}
	EndGlobalSection
EndGlobal
